// !$*UTF8*$!
{
	archiveVersion = 1;
	classes = {
	};
	objectVersion = 46;
	objects = {

/* Begin PBXBuildFile section */
		2B9A55791D80299B00FE937F /* CreateReceipeVC.swift in Sources */ = {isa = PBXBuildFile; fileRef = 2B9A55781D80299B00FE937F /* CreateReceipeVC.swift */; };
		2BC5D7331D7DF89900DCEE58 /* AppDelegate.swift in Sources */ = {isa = PBXBuildFile; fileRef = 2BC5D7321D7DF89900DCEE58 /* AppDelegate.swift */; };
		2BC5D7351D7DF89900DCEE58 /* ViewController.swift in Sources */ = {isa = PBXBuildFile; fileRef = 2BC5D7341D7DF89900DCEE58 /* ViewController.swift */; };
		2BC5D7381D7DF89900DCEE58 /* Main.storyboard in Resources */ = {isa = PBXBuildFile; fileRef = 2BC5D7361D7DF89900DCEE58 /* Main.storyboard */; };
		2BC5D73B1D7DF89900DCEE58 /* Receipz.xcdatamodeld in Sources */ = {isa = PBXBuildFile; fileRef = 2BC5D7391D7DF89900DCEE58 /* Receipz.xcdatamodeld */; };
		2BC5D73D1D7DF89900DCEE58 /* Assets.xcassets in Resources */ = {isa = PBXBuildFile; fileRef = 2BC5D73C1D7DF89900DCEE58 /* Assets.xcassets */; };
		2BC5D7401D7DF89900DCEE58 /* LaunchScreen.storyboard in Resources */ = {isa = PBXBuildFile; fileRef = 2BC5D73E1D7DF89900DCEE58 /* LaunchScreen.storyboard */; };
		2BC5D74C1D7E5BCF00DCEE58 /* Receipe+CoreDataProperties.swift in Sources */ = {isa = PBXBuildFile; fileRef = 2BC5D74A1D7E5BCF00DCEE58 /* Receipe+CoreDataProperties.swift */; };
		2BC5D74D1D7E5BCF00DCEE58 /* Receipe.swift in Sources */ = {isa = PBXBuildFile; fileRef = 2BC5D74B1D7E5BCF00DCEE58 /* Receipe.swift */; };
		2BF40A591D7EE9F900BD14DB /* ReceipeCell.swift in Sources */ = {isa = PBXBuildFile; fileRef = 2BF40A581D7EE9F900BD14DB /* ReceipeCell.swift */; };
/* End PBXBuildFile section */

/* Begin PBXFileReference section */
		2B9A55781D80299B00FE937F /* CreateReceipeVC.swift */ = {isa = PBXFileReference; fileEncoding = 4; lastKnownFileType = sourcecode.swift; path = CreateReceipeVC.swift; sourceTree = "<group>"; };
		2BC5D72F1D7DF89900DCEE58 /* Receipz.app */ = {isa = PBXFileReference; explicitFileType = wrapper.application; includeInIndex = 0; path = Receipz.app; sourceTree = BUILT_PRODUCTS_DIR; };
		2BC5D7321D7DF89900DCEE58 /* AppDelegate.swift */ = {isa = PBXFileReference; lastKnownFileType = sourcecode.swift; path = AppDelegate.swift; sourceTree = "<group>"; };
		2BC5D7341D7DF89900DCEE58 /* ViewController.swift */ = {isa = PBXFileReference; lastKnownFileType = sourcecode.swift; path = ViewController.swift; sourceTree = "<group>"; };
		2BC5D7371D7DF89900DCEE58 /* Base */ = {isa = PBXFileReference; lastKnownFileType = file.storyboard; name = Base; path = Base.lproj/Main.storyboard; sourceTree = "<group>"; };
		2BC5D73A1D7DF89900DCEE58 /* Receipz.xcdatamodel */ = {isa = PBXFileReference; lastKnownFileType = wrapper.xcdatamodel; path = Receipz.xcdatamodel; sourceTree = "<group>"; };
		2BC5D73C1D7DF89900DCEE58 /* Assets.xcassets */ = {isa = PBXFileReference; lastKnownFileType = folder.assetcatalog; path = Assets.xcassets; sourceTree = "<group>"; };
		2BC5D73F1D7DF89900DCEE58 /* Base */ = {isa = PBXFileReference; lastKnownFileType = file.storyboard; name = Base; path = Base.lproj/LaunchScreen.storyboard; sourceTree = "<group>"; };
		2BC5D7411D7DF89900DCEE58 /* Info.plist */ = {isa = PBXFileReference; lastKnownFileType = text.plist.xml; path = Info.plist; sourceTree = "<group>"; };
		2BC5D74A1D7E5BCF00DCEE58 /* Receipe+CoreDataProperties.swift */ = {isa = PBXFileReference; fileEncoding = 4; lastKnownFileType = sourcecode.swift; name = "Receipe+CoreDataProperties.swift"; path = "../Receipe+CoreDataProperties.swift"; sourceTree = "<group>"; };
		2BC5D74B1D7E5BCF00DCEE58 /* Receipe.swift */ = {isa = PBXFileReference; fileEncoding = 4; lastKnownFileType = sourcecode.swift; name = Receipe.swift; path = ../Receipe.swift; sourceTree = "<group>"; };
		2BF40A581D7EE9F900BD14DB /* ReceipeCell.swift */ = {isa = PBXFileReference; fileEncoding = 4; lastKnownFileType = sourcecode.swift; path = ReceipeCell.swift; sourceTree = "<group>"; };
/* End PBXFileReference section */

/* Begin PBXFrameworksBuildPhase section */
		2BC5D72C1D7DF89900DCEE58 /* Frameworks */ = {
			isa = PBXFrameworksBuildPhase;
			buildActionMask = 2147483647;
			files = (
			);
			runOnlyForDeploymentPostprocessing = 0;
		};
/* End PBXFrameworksBuildPhase section */

/* Begin PBXGroup section */
		2BC5D7261D7DF89900DCEE58 = {
			isa = PBXGroup;
			children = (
				2BC5D7311D7DF89900DCEE58 /* Receipz */,
				2BC5D7301D7DF89900DCEE58 /* Products */,
			);
			sourceTree = "<group>";
		};
		2BC5D7301D7DF89900DCEE58 /* Products */ = {
			isa = PBXGroup;
			children = (
				2BC5D72F1D7DF89900DCEE58 /* Receipz.app */,
			);
			name = Products;
			sourceTree = "<group>";
		};
		2BC5D7311D7DF89900DCEE58 /* Receipz */ = {
			isa = PBXGroup;
			children = (
				2BC5D7491D7E5B8F00DCEE58 /* Controller */,
				2BC5D7481D7E5B8900DCEE58 /* View */,
				2BC5D7471D7E5B8200DCEE58 /* Model */,
				2BC5D7321D7DF89900DCEE58 /* AppDelegate.swift */,
				2BC5D7361D7DF89900DCEE58 /* Main.storyboard */,
				2BC5D73C1D7DF89900DCEE58 /* Assets.xcassets */,
				2BC5D73E1D7DF89900DCEE58 /* LaunchScreen.storyboard */,
				2BC5D7411D7DF89900DCEE58 /* Info.plist */,
				2BC5D7391D7DF89900DCEE58 /* Receipz.xcdatamodeld */,
				2BF40A581D7EE9F900BD14DB /* ReceipeCell.swift */,
			);
			path = Receipz;
			sourceTree = "<group>";
		};
		2BC5D7471D7E5B8200DCEE58 /* Model */ = {
			isa = PBXGroup;
			children = (
				2BC5D74A1D7E5BCF00DCEE58 /* Receipe+CoreDataProperties.swift */,
				2BC5D74B1D7E5BCF00DCEE58 /* Receipe.swift */,
			);
			name = Model;
			sourceTree = "<group>";
		};
		2BC5D7481D7E5B8900DCEE58 /* View */ = {
			isa = PBXGroup;
			children = (
			);
			name = View;
			sourceTree = "<group>";
		};
		2BC5D7491D7E5B8F00DCEE58 /* Controller */ = {
			isa = PBXGroup;
			children = (
				2BC5D7341D7DF89900DCEE58 /* ViewController.swift */,
				2B9A55781D80299B00FE937F /* CreateReceipeVC.swift */,
			);
			name = Controller;
			sourceTree = "<group>";
		};
/* End PBXGroup section */

/* Begin PBXNativeTarget section */
		2BC5D72E1D7DF89900DCEE58 /* Receipz */ = {
			isa = PBXNativeTarget;
			buildConfigurationList = 2BC5D7441D7DF89900DCEE58 /* Build configuration list for PBXNativeTarget "Receipz" */;
			buildPhases = (
				2BC5D72B1D7DF89900DCEE58 /* Sources */,
				2BC5D72C1D7DF89900DCEE58 /* Frameworks */,
				2BC5D72D1D7DF89900DCEE58 /* Resources */,
			);
			buildRules = (
			);
			dependencies = (
			);
			name = Receipz;
			productName = Receipz;
			productReference = 2BC5D72F1D7DF89900DCEE58 /* Receipz.app */;
			productType = "com.apple.product-type.application";
		};
/* End PBXNativeTarget section */

/* Begin PBXProject section */
		2BC5D7271D7DF89900DCEE58 /* Project object */ = {
			isa = PBXProject;
			attributes = {
				LastSwiftUpdateCheck = 0730;
				LastUpgradeCheck = 0730;
				ORGANIZATIONNAME = "Arpita Bhatia";
				TargetAttributes = {
					2BC5D72E1D7DF89900DCEE58 = {
						CreatedOnToolsVersion = 7.3.1;
					};
				};
			};
			buildConfigurationList = 2BC5D72A1D7DF89900DCEE58 /* Build configuration list for PBXProject "Receipz" */;
			compatibilityVersion = "Xcode 3.2";
			developmentRegion = English;
			hasScannedForEncodings = 0;
			knownRegions = (
				en,
				Base,
			);
			mainGroup = 2BC5D7261D7DF89900DCEE58;
			productRefGroup = 2BC5D7301D7DF89900DCEE58 /* Products */;
			projectDirPath = "";
			projectRoot = "";
			targets = (
				2BC5D72E1D7DF89900DCEE58 /* Receipz */,
			);
		};
/* End PBXProject section */

/* Begin PBXResourcesBuildPhase section */
		2BC5D72D1D7DF89900DCEE58 /* Resources */ = {
			isa = PBXResourcesBuildPhase;
			buildActionMask = 2147483647;
			files = (
				2BC5D7401D7DF89900DCEE58 /* LaunchScreen.storyboard in Resources */,
				2BC5D73D1D7DF89900DCEE58 /* Assets.xcassets in Resources */,
				2BC5D7381D7DF89900DCEE58 /* Main.storyboard in Resources */,
			);
			runOnlyForDeploymentPostprocessing = 0;
		};
/* End PBXResourcesBuildPhase section */

/* Begin PBXSourcesBuildPhase section */
		2BC5D72B1D7DF89900DCEE58 /* Sources */ = {
			isa = PBXSourcesBuildPhase;
			buildActionMask = 2147483647;
			files = (
				2BC5D74D1D7E5BCF00DCEE58 /* Receipe.swift in Sources */,
				2BC5D7351D7DF89900DCEE58 /* ViewController.swift in Sources */,
				2BC5D73B1D7DF89900DCEE58 /* Receipz.xcdatamodeld in Sources */,
				2BC5D74C1D7E5BCF00DCEE58 /* Receipe+CoreDataProperties.swift in Sources */,
				2B9A55791D80299B00FE937F /* CreateReceipeVC.swift in Sources */,
				2BC5D7331D7DF89900DCEE58 /* AppDelegate.swift in Sources */,
				2BF40A591D7EE9F900BD14DB /* ReceipeCell.swift in Sources */,
			);
			runOnlyForDeploymentPostprocessing = 0;
		};
/* End PBXSourcesBuildPhase section */

/* Begin PBXVariantGroup section */
		2BC5D7361D7DF89900DCEE58 /* Main.storyboard */ = {
			isa = PBXVariantGroup;
			children = (
				2BC5D7371D7DF89900DCEE58 /* Base */,
			);
			name = Main.storyboard;
			sourceTree = "<group>";
		};
		2BC5D73E1D7DF89900DCEE58 /* LaunchScreen.storyboard */ = {
			isa = PBXVariantGroup;
			children = (
				2BC5D73F1D7DF89900DCEE58 /* Base */,
			);
			name = LaunchScreen.storyboard;
			sourceTree = "<group>";
		};
/* End PBXVariantGroup section */

/* Begin XCBuildConfiguration section */
		2BC5D7421D7DF89900DCEE58 /* Debug */ = {
			isa = XCBuildConfiguration;
			buildSettings = {
				ALWAYS_SEARCH_USER_PATHS = NO;
				CLANG_ANALYZER_NONNULL = YES;
				CLANG_CXX_LANGUAGE_STANDARD = "gnu++0x";
				CLANG_CXX_LIBRARY = "libc++";
				CLANG_ENABLE_MODULES = YES;
				CLANG_ENABLE_OBJC_ARC = YES;
				CLANG_WARN_BOOL_CONVERSION = YES;
				CLANG_WARN_CONSTANT_CONVERSION = YES;
				CLANG_WARN_DIRECT_OBJC_ISA_USAGE = YES_ERROR;
				CLANG_WARN_EMPTY_BODY = YES;
				CLANG_WARN_ENUM_CONVERSION = YES;
				CLANG_WARN_INT_CONVERSION = YES;
				CLANG_WARN_OBJC_ROOT_CLASS = YES_ERROR;
				CLANG_WARN_UNREACHABLE_CODE = YES;
				CLANG_WARN__DUPLICATE_METHOD_MATCH = YES;
				"CODE_SIGN_IDENTITY[sdk=iphoneos*]" = "iPhone Developer";
				COPY_PHASE_STRIP = NO;
				DEBUG_INFORMATION_FORMAT = dwarf;
				ENABLE_STRICT_OBJC_MSGSEND = YES;
				ENABLE_TESTABILITY = YES;
				GCC_C_LANGUAGE_STANDARD = gnu99;
				GCC_DYNAMIC_NO_PIC = NO;
				GCC_NO_COMMON_BLOCKS = YES;
				GCC_OPTIMIZATION_LEVEL = 0;
				GCC_PREPROCESSOR_DEFINITIONS = (
					"DEBUG=1",
					"$(inherited)",
				);
				GCC_WARN_64_TO_32_BIT_CONVERSION = YES;
				GCC_WARN_ABOUT_RETURN_TYPE = YES_ERROR;
				GCC_WARN_UNDECLARED_SELECTOR = YES;
				GCC_WARN_UNINITIALIZED_AUTOS = YES_AGGRESSIVE;
				GCC_WARN_UNUSED_FUNCTION = YES;
				GCC_WARN_UNUSED_VARIABLE = YES;
				IPHONEOS_DEPLOYMENT_TARGET = 9.3;
				MTL_ENABLE_DEBUG_INFO = YES;
				ONLY_ACTIVE_ARCH = YES;
				SDKROOT = iphoneos;
				SWIFT_OPTIMIZATION_LEVEL = "-Onone";
				TARGETED_DEVICE_FAMILY = "1,2";
			};
			name = Debug;
		};
		2BC5D7431D7DF89900DCEE58 /* Release */ = {
			isa = XCBuildConfiguration;
			buildSettings = {
				ALWAYS_SEARCH_USER_PATHS = NO;
				CLANG_ANALYZER_NONNULL = YES;
				CLANG_CXX_LANGUAGE_STANDARD = "gnu++0x";
				CLANG_CXX_LIBRARY = "libc++";
				CLANG_ENABLE_MODULES = YES;
				CLANG_ENABLE_OBJC_ARC = YES;
				CLANG_WARN_BOOL_CONVERSION = YES;
				CLANG_WARN_CONSTANT_CONVERSION = YES;
				CLANG_WARN_DIRECT_OBJC_ISA_USAGE = YES_ERROR;
				CLANG_WARN_EMPTY_BODY = YES;
				CLANG_WARN_ENUM_CONVERSION = YES;
				CLANG_WARN_INT_CONVERSION = YES;
				CLANG_WARN_OBJC_ROOT_CLASS = YES_ERROR;
				CLANG_WARN_UNREACHABLE_CODE = YES;
				CLANG_WARN__DUPLICATE_METHOD_MATCH = YES;
				"CODE_SIGN_IDENTITY[sdk=iphoneos*]" = "iPhone Developer";
				COPY_PHASE_STRIP = NO;
				DEBUG_INFORMATION_FORMAT = "dwarf-with-dsym";
				ENABLE_NS_ASSERTIONS = NO;
				ENABLE_STRICT_OBJC_MSGSEND = YES;
				GCC_C_LANGUAGE_STANDARD = gnu99;
				GCC_NO_COMMON_BLOCKS = YES;
				GCC_WARN_64_TO_32_BIT_CONVERSION = YES;
				GCC_WARN_ABOUT_RETURN_TYPE = YES_ERROR;
				GCC_WARN_UNDECLARED_SELECTOR = YES;
				GCC_WARN_UNINITIALIZED_AUTOS = YES_AGGRESSIVE;
				GCC_WARN_UNUSED_FUNCTION = YES;
				GCC_WARN_UNUSED_VARIABLE = YES;
				IPHONEOS_DEPLOYMENT_TARGET = 9.3;
				MTL_ENABLE_DEBUG_INFO = NO;
				SDKROOT = iphoneos;
				TARGETED_DEVICE_FAMILY = "1,2";
				VALIDATE_PRODUCT = YES;
			};
			name = Release;
		};
		2BC5D7451D7DF89900DCEE58 /* Debug */ = {
			isa = XCBuildConfiguration;
			buildSettings = {
				ASSETCATALOG_COMPILER_APPICON_NAME = AppIcon;
				INFOPLIST_FILE = Receipz/Info.plist;
				LD_RUNPATH_SEARCH_PATHS = "$(inherited) @executable_path/Frameworks";
				PRODUCT_BUNDLE_IDENTIFIER = com.ab.Receipz;
				PRODUCT_NAME = "$(TARGET_NAME)";
			};
			name = Debug;
		};
		2BC5D7461D7DF89900DCEE58 /* Release */ = {
			isa = XCBuildConfiguration;
			buildSettings = {
				ASSETCATALOG_COMPILER_APPICON_NAME = AppIcon;
				INFOPLIST_FILE = Receipz/Info.plist;
				LD_RUNPATH_SEARCH_PATHS = "$(inherited) @executable_path/Frameworks";
				PRODUCT_BUNDLE_IDENTIFIER = com.ab.Receipz;
				PRODUCT_NAME = "$(TARGET_NAME)";
			};
			name = Release;
		};
/* End XCBuildConfiguration section */

/* Begin XCConfigurationList section */
		2BC5D72A1D7DF89900DCEE58 /* Build configuration list for PBXProject "Receipz" */ = {
			isa = XCConfigurationList;
			buildConfigurations = (
				2BC5D7421D7DF89900DCEE58 /* Debug */,
				2BC5D7431D7DF89900DCEE58 /* Release */,
			);
			defaultConfigurationIsVisible = 0;
			defaultConfigurationName = Release;
		};
		2BC5D7441D7DF89900DCEE58 /* Build configuration list for PBXNativeTarget "Receipz" */ = {
			isa = XCConfigurationList;
			buildConfigurations = (
				2BC5D7451D7DF89900DCEE58 /* Debug */,
				2BC5D7461D7DF89900DCEE58 /* Release */,
			);
			defaultConfigurationIsVisible = 0;
			defaultConfigurationName = Release;
		};
/* End XCConfigurationList section */

/* Begin XCVersionGroup section */
		2BC5D7391D7DF89900DCEE58 /* Receipz.xcdatamodeld */ = {
			isa = XCVersionGroup;
			children = (
				2BC5D73A1D7DF89900DCEE58 /* Receipz.xcdatamodel */,
			);
			currentVersion = 2BC5D73A1D7DF89900DCEE58 /* Receipz.xcdatamodel */;
			path = Receipz.xcdatamodeld;
			sourceTree = "<group>";
			versionGroupType = wrapper.xcdatamodel;
		};
/* End XCVersionGroup section */
	};
	rootObject = 2BC5D7271D7DF89900DCEE58 /* Project object */;
}
